{
  "requires": true,
  "lockfileVersion": 1,
  "dependencies": {
    "one-colorpicker": {
      "version": "1.0.12",
      "resolved": "https://registry.npmjs.org/one-colorpicker/-/one-colorpicker-1.0.12.tgz",
      "integrity": "sha512-WN+YxG8xUQPKHroRLvCW9cgTXQATM5WFccpGdb6kZ9NKoQIl/g4cxh40IajIcqIwjcwBFF4FFIEC6S26pYaXCw==",
      "requires": {
        "tinycolor2": "^1.4.1"
      }
    },
    "tinycolor2": {
      "version": "1.4.2",
      "resolved": "https://registry.npmjs.org/tinycolor2/-/tinycolor2-1.4.2.tgz",
      "integrity": "sha512-vJhccZPs965sV/L2sU4oRQVAos0pQXwsvTLkWYdqJ+a8Q5kPFzJTuOFwy7UniPli44NKQGAglksjvOcpo95aZA=="
    }
  }
}
